
Microsoft Visual Studio Solution File, Format Version 12.00
# Visual Studio Version 17
VisualStudioVersion = 17.14.36429.23 d17.14
MinimumVisualStudioVersion = 10.0.40219.1
Project("{FAE04EC0-301F-11D3-BF4B-00C04F79EFBC}") = "24DH110161_LTW", "24DH110161_LTW.csproj", "{71ACB108-EFD2-4E6C-AAFE-8D662E989464}"
EndProject
Global
	GlobalSection(SolutionConfigurationPlatforms) = preSolution
		Debug|Any CPU = Debug|Any CPU
		Release|Any CPU = Release|Any CPU
	EndGlobalSection
	GlobalSection(ProjectConfigurationPlatforms) = postSolution
		{71ACB108-EFD2-4E6C-AAFE-8D662E989464}.Debug|Any CPU.ActiveCfg = Debug|Any CPU
		{71ACB108-EFD2-4E6C-AAFE-8D662E989464}.Debug|Any CPU.Build.0 = Debug|Any CPU
		{71ACB108-EFD2-4E6C-AAFE-8D662E989464}.Release|Any CPU.ActiveCfg = Release|Any CPU
		{71ACB108-EFD2-4E6C-AAFE-8D662E989464}.Release|Any CPU.Build.0 = Release|Any CPU
	EndGlobalSection
	GlobalSection(SolutionProperties) = preSolution
		HideSolutionNode = FALSE
	EndGlobalSection
	GlobalSection(ExtensibilityGlobals) = postSolution
		SolutionGuid = {4A940D11-9D2A-4623-9C4E-A0B3C4F2CF67}
	EndGlobalSection
EndGlobal
